// !$*UTF8*$!
{
	archiveVersion = 1;
	classes = {
	};
	objectVersion = 56;
	objects = {

/* Begin PBXBuildFile section */
		A5ABD6BC2C522F2B003AF62A /* DopamineAppApp.swift in Sources */ = {isa = PBXBuildFile; fileRef = A5ABD6BB2C522F2B003AF62A /* DopamineAppApp.swift */; };
		A5ABD6BE2C522F2B003AF62A /* ContentView.swift in Sources */ = {isa = PBXBuildFile; fileRef = A5ABD6BD2C522F2B003AF62A /* ContentView.swift */; };
		A5ABD6C02C522F2C003AF62A /* Assets.xcassets in Resources */ = {isa = PBXBuildFile; fileRef = A5ABD6BF2C522F2C003AF62A /* Assets.xcassets */; };
		A5ABD6C32C522F2C003AF62A /* Preview Assets.xcassets in Resources */ = {isa = PBXBuildFile; fileRef = A5ABD6C22C522F2C003AF62A /* Preview Assets.xcassets */; };
		A5ABD6CC2C5244D1003AF62A /* BaseView.swift in Sources */ = {isa = PBXBuildFile; fileRef = A5ABD6CB2C5244D1003AF62A /* BaseView.swift */; };
		A5ABD6CE2C5353E7003AF62A /* CalenderView.swift in Sources */ = {isa = PBXBuildFile; fileRef = A5ABD6CD2C5353E7003AF62A /* CalenderView.swift */; };
		A5ABD6D12C5384EA003AF62A /* ColorExtension.swift in Sources */ = {isa = PBXBuildFile; fileRef = A5ABD6D02C5384EA003AF62A /* ColorExtension.swift */; };
		A5ABD6D72C5394EA003AF62A /* Pretendard-Medium.otf in Resources */ = {isa = PBXBuildFile; fileRef = A5ABD6D32C5394E9003AF62A /* Pretendard-Medium.otf */; };
		A5ABD6D82C5394EA003AF62A /* Pretendard-Bold.otf in Resources */ = {isa = PBXBuildFile; fileRef = A5ABD6D42C5394E9003AF62A /* Pretendard-Bold.otf */; };
		A5ABD6D92C5394EA003AF62A /* Pretendard-Regular.otf in Resources */ = {isa = PBXBuildFile; fileRef = A5ABD6D52C5394EA003AF62A /* Pretendard-Regular.otf */; };
		A5ABD6DA2C5394EA003AF62A /* Pretendard-SemiBold.otf in Resources */ = {isa = PBXBuildFile; fileRef = A5ABD6D62C5394EA003AF62A /* Pretendard-SemiBold.otf */; };
		A5ABD6DD2C53952E003AF62A /* FontExtension.swift in Sources */ = {isa = PBXBuildFile; fileRef = A5ABD6DC2C53952E003AF62A /* FontExtension.swift */; };
		A5ABD6DF2C5397BB003AF62A /* ScheduleSettingView.swift in Sources */ = {isa = PBXBuildFile; fileRef = A5ABD6DE2C5397BB003AF62A /* ScheduleSettingView.swift */; };
		A5ABD6E12C54BBD9003AF62A /* PlanSettingView.swift in Sources */ = {isa = PBXBuildFile; fileRef = A5ABD6E02C54BBD9003AF62A /* PlanSettingView.swift */; };
/* End PBXBuildFile section */

/* Begin PBXFileReference section */
		A5ABD6B82C522F2B003AF62A /* DopamineApp.app */ = {isa = PBXFileReference; explicitFileType = wrapper.application; includeInIndex = 0; path = DopamineApp.app; sourceTree = BUILT_PRODUCTS_DIR; };
		A5ABD6BB2C522F2B003AF62A /* DopamineAppApp.swift */ = {isa = PBXFileReference; lastKnownFileType = sourcecode.swift; path = DopamineAppApp.swift; sourceTree = "<group>"; };
		A5ABD6BD2C522F2B003AF62A /* ContentView.swift */ = {isa = PBXFileReference; lastKnownFileType = sourcecode.swift; path = ContentView.swift; sourceTree = "<group>"; };
		A5ABD6BF2C522F2C003AF62A /* Assets.xcassets */ = {isa = PBXFileReference; lastKnownFileType = folder.assetcatalog; path = Assets.xcassets; sourceTree = "<group>"; };
		A5ABD6C22C522F2C003AF62A /* Preview Assets.xcassets */ = {isa = PBXFileReference; lastKnownFileType = folder.assetcatalog; path = "Preview Assets.xcassets"; sourceTree = "<group>"; };
		A5ABD6CB2C5244D1003AF62A /* BaseView.swift */ = {isa = PBXFileReference; lastKnownFileType = sourcecode.swift; path = BaseView.swift; sourceTree = "<group>"; };
		A5ABD6CD2C5353E7003AF62A /* CalenderView.swift */ = {isa = PBXFileReference; lastKnownFileType = sourcecode.swift; path = CalenderView.swift; sourceTree = "<group>"; };
		A5ABD6D02C5384EA003AF62A /* ColorExtension.swift */ = {isa = PBXFileReference; lastKnownFileType = sourcecode.swift; path = ColorExtension.swift; sourceTree = "<group>"; };
		A5ABD6D32C5394E9003AF62A /* Pretendard-Medium.otf */ = {isa = PBXFileReference; lastKnownFileType = file; path = "Pretendard-Medium.otf"; sourceTree = "<group>"; };
		A5ABD6D42C5394E9003AF62A /* Pretendard-Bold.otf */ = {isa = PBXFileReference; lastKnownFileType = file; path = "Pretendard-Bold.otf"; sourceTree = "<group>"; };
		A5ABD6D52C5394EA003AF62A /* Pretendard-Regular.otf */ = {isa = PBXFileReference; lastKnownFileType = file; path = "Pretendard-Regular.otf"; sourceTree = "<group>"; };
		A5ABD6D62C5394EA003AF62A /* Pretendard-SemiBold.otf */ = {isa = PBXFileReference; lastKnownFileType = file; path = "Pretendard-SemiBold.otf"; sourceTree = "<group>"; };
		A5ABD6DC2C53952E003AF62A /* FontExtension.swift */ = {isa = PBXFileReference; lastKnownFileType = sourcecode.swift; path = FontExtension.swift; sourceTree = "<group>"; };
		A5ABD6DE2C5397BB003AF62A /* ScheduleSettingView.swift */ = {isa = PBXFileReference; lastKnownFileType = sourcecode.swift; path = ScheduleSettingView.swift; sourceTree = "<group>"; };
		A5ABD6E02C54BBD9003AF62A /* PlanSettingView.swift */ = {isa = PBXFileReference; lastKnownFileType = sourcecode.swift; path = PlanSettingView.swift; sourceTree = "<group>"; };
/* End PBXFileReference section */

/* Begin PBXFrameworksBuildPhase section */
		A5ABD6B52C522F2B003AF62A /* Frameworks */ = {
			isa = PBXFrameworksBuildPhase;
			buildActionMask = 2147483647;
			files = (
			);
			runOnlyForDeploymentPostprocessing = 0;
		};
/* End PBXFrameworksBuildPhase section */

/* Begin PBXGroup section */
		A5ABD6AF2C522F2B003AF62A = {
			isa = PBXGroup;
			children = (
				A5ABD6BA2C522F2B003AF62A /* DopamineApp */,
				A5ABD6B92C522F2B003AF62A /* Products */,
			);
			sourceTree = "<group>";
		};
		A5ABD6B92C522F2B003AF62A /* Products */ = {
			isa = PBXGroup;
			children = (
				A5ABD6B82C522F2B003AF62A /* DopamineApp.app */,
			);
			name = Products;
			sourceTree = "<group>";
		};
		A5ABD6BA2C522F2B003AF62A /* DopamineApp */ = {
			isa = PBXGroup;
			children = (
				A5ABD6D22C5394BE003AF62A /* Resource */,
				A5ABD6CF2C5384AC003AF62A /* Extension */,
				A5ABD6CA2C5244AD003AF62A /* Model */,
				A5ABD6C92C5244A3003AF62A /* View */,
				A5ABD6BD2C522F2B003AF62A /* ContentView.swift */,
				A5ABD6BF2C522F2C003AF62A /* Assets.xcassets */,
				A5ABD6C12C522F2C003AF62A /* Preview Content */,
			);
			path = DopamineApp;
			sourceTree = "<group>";
		};
		A5ABD6C12C522F2C003AF62A /* Preview Content */ = {
			isa = PBXGroup;
			children = (
				A5ABD6C22C522F2C003AF62A /* Preview Assets.xcassets */,
			);
			path = "Preview Content";
			sourceTree = "<group>";
		};
		A5ABD6C92C5244A3003AF62A /* View */ = {
			isa = PBXGroup;
			children = (
				A5ABD6E42C58989F003AF62A /* ScheduleSettingView */,
				A5ABD6BB2C522F2B003AF62A /* DopamineAppApp.swift */,
				A5ABD6CB2C5244D1003AF62A /* BaseView.swift */,
				A5ABD6E02C54BBD9003AF62A /* PlanSettingView.swift */,
			);
			path = View;
			sourceTree = "<group>";
		};
		A5ABD6CA2C5244AD003AF62A /* Model */ = {
			isa = PBXGroup;
			children = (
			);
			path = Model;
			sourceTree = "<group>";
		};
		A5ABD6CF2C5384AC003AF62A /* Extension */ = {
			isa = PBXGroup;
			children = (
				A5ABD6D02C5384EA003AF62A /* ColorExtension.swift */,
				A5ABD6DC2C53952E003AF62A /* FontExtension.swift */,
			);
			path = Extension;
			sourceTree = "<group>";
		};
		A5ABD6D22C5394BE003AF62A /* Resource */ = {
			isa = PBXGroup;
			children = (
				A5ABD6DB2C5394F5003AF62A /* Pretendard */,
			);
			path = Resource;
			sourceTree = "<group>";
		};
		A5ABD6DB2C5394F5003AF62A /* Pretendard */ = {
			isa = PBXGroup;
			children = (
				A5ABD6D42C5394E9003AF62A /* Pretendard-Bold.otf */,
				A5ABD6D32C5394E9003AF62A /* Pretendard-Medium.otf */,
				A5ABD6D52C5394EA003AF62A /* Pretendard-Regular.otf */,
				A5ABD6D62C5394EA003AF62A /* Pretendard-SemiBold.otf */,
			);
			path = Pretendard;
			sourceTree = "<group>";
		};
		A5ABD6E42C58989F003AF62A /* ScheduleSettingView */ = {
			isa = PBXGroup;
			children = (
				A5ABD6CD2C5353E7003AF62A /* CalenderView.swift */,
				A5ABD6DE2C5397BB003AF62A /* ScheduleSettingView.swift */,
			);
			path = ScheduleSettingView;
			sourceTree = "<group>";
		};
/* End PBXGroup section */

/* Begin PBXNativeTarget section */
		A5ABD6B72C522F2B003AF62A /* DopamineApp */ = {
			isa = PBXNativeTarget;
			buildConfigurationList = A5ABD6C62C522F2C003AF62A /* Build configuration list for PBXNativeTarget "DopamineApp" */;
			buildPhases = (
				A5ABD6B42C522F2B003AF62A /* Sources */,
				A5ABD6B52C522F2B003AF62A /* Frameworks */,
				A5ABD6B62C522F2B003AF62A /* Resources */,
			);
			buildRules = (
			);
			dependencies = (
			);
			name = DopamineApp;
			productName = DopamineApp;
			productReference = A5ABD6B82C522F2B003AF62A /* DopamineApp.app */;
			productType = "com.apple.product-type.application";
		};
/* End PBXNativeTarget section */

/* Begin PBXProject section */
		A5ABD6B02C522F2B003AF62A /* Project object */ = {
			isa = PBXProject;
			attributes = {
				BuildIndependentTargetsInParallel = 1;
				LastSwiftUpdateCheck = 1510;
				LastUpgradeCheck = 1510;
				TargetAttributes = {
					A5ABD6B72C522F2B003AF62A = {
						CreatedOnToolsVersion = 15.1;
					};
				};
			};
			buildConfigurationList = A5ABD6B32C522F2B003AF62A /* Build configuration list for PBXProject "DopamineApp" */;
			compatibilityVersion = "Xcode 14.0";
			developmentRegion = en;
			hasScannedForEncodings = 0;
			knownRegions = (
				en,
				Base,
			);
			mainGroup = A5ABD6AF2C522F2B003AF62A;
			productRefGroup = A5ABD6B92C522F2B003AF62A /* Products */;
			projectDirPath = "";
			projectRoot = "";
			targets = (
				A5ABD6B72C522F2B003AF62A /* DopamineApp */,
			);
		};
/* End PBXProject section */

/* Begin PBXResourcesBuildPhase section */
		A5ABD6B62C522F2B003AF62A /* Resources */ = {
			isa = PBXResourcesBuildPhase;
			buildActionMask = 2147483647;
			files = (
				A5ABD6C32C522F2C003AF62A /* Preview Assets.xcassets in Resources */,
				A5ABD6D82C5394EA003AF62A /* Pretendard-Bold.otf in Resources */,
				A5ABD6D92C5394EA003AF62A /* Pretendard-Regular.otf in Resources */,
				A5ABD6DA2C5394EA003AF62A /* Pretendard-SemiBold.otf in Resources */,
				A5ABD6C02C522F2C003AF62A /* Assets.xcassets in Resources */,
				A5ABD6D72C5394EA003AF62A /* Pretendard-Medium.otf in Resources */,
			);
			runOnlyForDeploymentPostprocessing = 0;
		};
/* End PBXResourcesBuildPhase section */

/* Begin PBXSourcesBuildPhase section */
		A5ABD6B42C522F2B003AF62A /* Sources */ = {
			isa = PBXSourcesBuildPhase;
			buildActionMask = 2147483647;
			files = (
				A5ABD6DD2C53952E003AF62A /* FontExtension.swift in Sources */,
				A5ABD6D12C5384EA003AF62A /* ColorExtension.swift in Sources */,
				A5ABD6DF2C5397BB003AF62A /* ScheduleSettingView.swift in Sources */,
				A5ABD6CC2C5244D1003AF62A /* BaseView.swift in Sources */,
				A5ABD6E12C54BBD9003AF62A /* PlanSettingView.swift in Sources */,
				A5ABD6BE2C522F2B003AF62A /* ContentView.swift in Sources */,
				A5ABD6CE2C5353E7003AF62A /* CalenderView.swift in Sources */,
				A5ABD6BC2C522F2B003AF62A /* DopamineAppApp.swift in Sources */,
			);
			runOnlyForDeploymentPostprocessing = 0;
		};
/* End PBXSourcesBuildPhase section */

/* Begin XCBuildConfiguration section */
		A5ABD6C42C522F2C003AF62A /* Debug */ = {
			isa = XCBuildConfiguration;
			buildSettings = {
				ALWAYS_SEARCH_USER_PATHS = NO;
				ASSETCATALOG_COMPILER_GENERATE_SWIFT_ASSET_SYMBOL_EXTENSIONS = YES;
				CLANG_ANALYZER_NONNULL = YES;
				CLANG_ANALYZER_NUMBER_OBJECT_CONVERSION = YES_AGGRESSIVE;
				CLANG_CXX_LANGUAGE_STANDARD = "gnu++20";
				CLANG_ENABLE_MODULES = YES;
				CLANG_ENABLE_OBJC_ARC = YES;
				CLANG_ENABLE_OBJC_WEAK = YES;
				CLANG_WARN_BLOCK_CAPTURE_AUTORELEASING = YES;
				CLANG_WARN_BOOL_CONVERSION = YES;
				CLANG_WARN_COMMA = YES;
				CLANG_WARN_CONSTANT_CONVERSION = YES;
				CLANG_WARN_DEPRECATED_OBJC_IMPLEMENTATIONS = YES;
				CLANG_WARN_DIRECT_OBJC_ISA_USAGE = YES_ERROR;
				CLANG_WARN_DOCUMENTATION_COMMENTS = YES;
				CLANG_WARN_EMPTY_BODY = YES;
				CLANG_WARN_ENUM_CONVERSION = YES;
				CLANG_WARN_INFINITE_RECURSION = YES;
				CLANG_WARN_INT_CONVERSION = YES;
				CLANG_WARN_NON_LITERAL_NULL_CONVERSION = YES;
				CLANG_WARN_OBJC_IMPLICIT_RETAIN_SELF = YES;
				CLANG_WARN_OBJC_LITERAL_CONVERSION = YES;
				CLANG_WARN_OBJC_ROOT_CLASS = YES_ERROR;
				CLANG_WARN_QUOTED_INCLUDE_IN_FRAMEWORK_HEADER = YES;
				CLANG_WARN_RANGE_LOOP_ANALYSIS = YES;
				CLANG_WARN_STRICT_PROTOTYPES = YES;
				CLANG_WARN_SUSPICIOUS_MOVE = YES;
				CLANG_WARN_UNGUARDED_AVAILABILITY = YES_AGGRESSIVE;
				CLANG_WARN_UNREACHABLE_CODE = YES;
				CLANG_WARN__DUPLICATE_METHOD_MATCH = YES;
				COPY_PHASE_STRIP = NO;
				DEBUG_INFORMATION_FORMAT = dwarf;
				ENABLE_STRICT_OBJC_MSGSEND = YES;
				ENABLE_TESTABILITY = YES;
				ENABLE_USER_SCRIPT_SANDBOXING = YES;
				GCC_C_LANGUAGE_STANDARD = gnu17;
				GCC_DYNAMIC_NO_PIC = NO;
				GCC_NO_COMMON_BLOCKS = YES;
				GCC_OPTIMIZATION_LEVEL = 0;
				GCC_PREPROCESSOR_DEFINITIONS = (
					"DEBUG=1",
					"$(inherited)",
				);
				GCC_WARN_64_TO_32_BIT_CONVERSION = YES;
				GCC_WARN_ABOUT_RETURN_TYPE = YES_ERROR;
				GCC_WARN_UNDECLARED_SELECTOR = YES;
				GCC_WARN_UNINITIALIZED_AUTOS = YES_AGGRESSIVE;
				GCC_WARN_UNUSED_FUNCTION = YES;
				GCC_WARN_UNUSED_VARIABLE = YES;
				IPHONEOS_DEPLOYMENT_TARGET = 17.2;
				LOCALIZATION_PREFERS_STRING_CATALOGS = YES;
				MTL_ENABLE_DEBUG_INFO = INCLUDE_SOURCE;
				MTL_FAST_MATH = YES;
				ONLY_ACTIVE_ARCH = YES;
				SDKROOT = iphoneos;
				SWIFT_ACTIVE_COMPILATION_CONDITIONS = "DEBUG $(inherited)";
				SWIFT_OPTIMIZATION_LEVEL = "-Onone";
			};
			name = Debug;
		};
		A5ABD6C52C522F2C003AF62A /* Release */ = {
			isa = XCBuildConfiguration;
			buildSettings = {
				ALWAYS_SEARCH_USER_PATHS = NO;
				ASSETCATALOG_COMPILER_GENERATE_SWIFT_ASSET_SYMBOL_EXTENSIONS = YES;
				CLANG_ANALYZER_NONNULL = YES;
				CLANG_ANALYZER_NUMBER_OBJECT_CONVERSION = YES_AGGRESSIVE;
				CLANG_CXX_LANGUAGE_STANDARD = "gnu++20";
				CLANG_ENABLE_MODULES = YES;
				CLANG_ENABLE_OBJC_ARC = YES;
				CLANG_ENABLE_OBJC_WEAK = YES;
				CLANG_WARN_BLOCK_CAPTURE_AUTORELEASING = YES;
				CLANG_WARN_BOOL_CONVERSION = YES;
				CLANG_WARN_COMMA = YES;
				CLANG_WARN_CONSTANT_CONVERSION = YES;
				CLANG_WARN_DEPRECATED_OBJC_IMPLEMENTATIONS = YES;
				CLANG_WARN_DIRECT_OBJC_ISA_USAGE = YES_ERROR;
				CLANG_WARN_DOCUMENTATION_COMMENTS = YES;
				CLANG_WARN_EMPTY_BODY = YES;
				CLANG_WARN_ENUM_CONVERSION = YES;
				CLANG_WARN_INFINITE_RECURSION = YES;
				CLANG_WARN_INT_CONVERSION = YES;
				CLANG_WARN_NON_LITERAL_NULL_CONVERSION = YES;
				CLANG_WARN_OBJC_IMPLICIT_RETAIN_SELF = YES;
				CLANG_WARN_OBJC_LITERAL_CONVERSION = YES;
				CLANG_WARN_OBJC_ROOT_CLASS = YES_ERROR;
				CLANG_WARN_QUOTED_INCLUDE_IN_FRAMEWORK_HEADER = YES;
				CLANG_WARN_RANGE_LOOP_ANALYSIS = YES;
				CLANG_WARN_STRICT_PROTOTYPES = YES;
				CLANG_WARN_SUSPICIOUS_MOVE = YES;
				CLANG_WARN_UNGUARDED_AVAILABILITY = YES_AGGRESSIVE;
				CLANG_WARN_UNREACHABLE_CODE = YES;
				CLANG_WARN__DUPLICATE_METHOD_MATCH = YES;
				COPY_PHASE_STRIP = NO;
				DEBUG_INFORMATION_FORMAT = "dwarf-with-dsym";
				ENABLE_NS_ASSERTIONS = NO;
				ENABLE_STRICT_OBJC_MSGSEND = YES;
				ENABLE_USER_SCRIPT_SANDBOXING = YES;
				GCC_C_LANGUAGE_STANDARD = gnu17;
				GCC_NO_COMMON_BLOCKS = YES;
				GCC_WARN_64_TO_32_BIT_CONVERSION = YES;
				GCC_WARN_ABOUT_RETURN_TYPE = YES_ERROR;
				GCC_WARN_UNDECLARED_SELECTOR = YES;
				GCC_WARN_UNINITIALIZED_AUTOS = YES_AGGRESSIVE;
				GCC_WARN_UNUSED_FUNCTION = YES;
				GCC_WARN_UNUSED_VARIABLE = YES;
				IPHONEOS_DEPLOYMENT_TARGET = 17.2;
				LOCALIZATION_PREFERS_STRING_CATALOGS = YES;
				MTL_ENABLE_DEBUG_INFO = NO;
				MTL_FAST_MATH = YES;
				SDKROOT = iphoneos;
				SWIFT_COMPILATION_MODE = wholemodule;
				VALIDATE_PRODUCT = YES;
			};
			name = Release;
		};
		A5ABD6C72C522F2C003AF62A /* Debug */ = {
			isa = XCBuildConfiguration;
			buildSettings = {
				ASSETCATALOG_COMPILER_APPICON_NAME = AppIcon;
				ASSETCATALOG_COMPILER_GLOBAL_ACCENT_COLOR_NAME = AccentColor;
				CODE_SIGN_STYLE = Automatic;
				CURRENT_PROJECT_VERSION = 1;
				DEVELOPMENT_ASSET_PATHS = "\"DopamineApp/Preview Content\"";
				DEVELOPMENT_TEAM = HH4G2BS7C9;
				ENABLE_PREVIEWS = YES;
				GENERATE_INFOPLIST_FILE = YES;
				INFOPLIST_KEY_UIApplicationSceneManifest_Generation = YES;
				INFOPLIST_KEY_UIApplicationSupportsIndirectInputEvents = YES;
				INFOPLIST_KEY_UILaunchScreen_Generation = YES;
				INFOPLIST_KEY_UISupportedInterfaceOrientations_iPad = "UIInterfaceOrientationPortrait UIInterfaceOrientationPortraitUpsideDown UIInterfaceOrientationLandscapeLeft UIInterfaceOrientationLandscapeRight";
				INFOPLIST_KEY_UISupportedInterfaceOrientations_iPhone = "UIInterfaceOrientationPortrait UIInterfaceOrientationLandscapeLeft UIInterfaceOrientationLandscapeRight";
				LD_RUNPATH_SEARCH_PATHS = (
					"$(inherited)",
					"@executable_path/Frameworks",
				);
				MARKETING_VERSION = 1.0;
				PRODUCT_BUNDLE_IDENTIFIER = dopaminePlanner.DopamineApp;
				PRODUCT_NAME = "$(TARGET_NAME)";
				SWIFT_EMIT_LOC_STRINGS = YES;
				SWIFT_VERSION = 5.0;
				TARGETED_DEVICE_FAMILY = "1,2";
			};
			name = Debug;
		};
		A5ABD6C82C522F2C003AF62A /* Release */ = {
			isa = XCBuildConfiguration;
			buildSettings = {
				ASSETCATALOG_COMPILER_APPICON_NAME = AppIcon;
				ASSETCATALOG_COMPILER_GLOBAL_ACCENT_COLOR_NAME = AccentColor;
				CODE_SIGN_STYLE = Automatic;
				CURRENT_PROJECT_VERSION = 1;
				DEVELOPMENT_ASSET_PATHS = "\"DopamineApp/Preview Content\"";
				DEVELOPMENT_TEAM = HH4G2BS7C9;
				ENABLE_PREVIEWS = YES;
				GENERATE_INFOPLIST_FILE = YES;
				INFOPLIST_KEY_UIApplicationSceneManifest_Generation = YES;
				INFOPLIST_KEY_UIApplicationSupportsIndirectInputEvents = YES;
				INFOPLIST_KEY_UILaunchScreen_Generation = YES;
				INFOPLIST_KEY_UISupportedInterfaceOrientations_iPad = "UIInterfaceOrientationPortrait UIInterfaceOrientationPortraitUpsideDown UIInterfaceOrientationLandscapeLeft UIInterfaceOrientationLandscapeRight";
				INFOPLIST_KEY_UISupportedInterfaceOrientations_iPhone = "UIInterfaceOrientationPortrait UIInterfaceOrientationLandscapeLeft UIInterfaceOrientationLandscapeRight";
				LD_RUNPATH_SEARCH_PATHS = (
					"$(inherited)",
					"@executable_path/Frameworks",
				);
				MARKETING_VERSION = 1.0;
				PRODUCT_BUNDLE_IDENTIFIER = dopaminePlanner.DopamineApp;
				PRODUCT_NAME = "$(TARGET_NAME)";
				SWIFT_EMIT_LOC_STRINGS = YES;
				SWIFT_VERSION = 5.0;
				TARGETED_DEVICE_FAMILY = "1,2";
			};
			name = Release;
		};
/* End XCBuildConfiguration section */

/* Begin XCConfigurationList section */
		A5ABD6B32C522F2B003AF62A /* Build configuration list for PBXProject "DopamineApp" */ = {
			isa = XCConfigurationList;
			buildConfigurations = (
				A5ABD6C42C522F2C003AF62A /* Debug */,
				A5ABD6C52C522F2C003AF62A /* Release */,
			);
			defaultConfigurationIsVisible = 0;
			defaultConfigurationName = Release;
		};
		A5ABD6C62C522F2C003AF62A /* Build configuration list for PBXNativeTarget "DopamineApp" */ = {
			isa = XCConfigurationList;
			buildConfigurations = (
				A5ABD6C72C522F2C003AF62A /* Debug */,
				A5ABD6C82C522F2C003AF62A /* Release */,
			);
			defaultConfigurationIsVisible = 0;
			defaultConfigurationName = Release;
		};
/* End XCConfigurationList section */
	};
	rootObject = A5ABD6B02C522F2B003AF62A /* Project object */;
}
